// !$*UTF8*$!
{
	archiveVersion = 1;
	classes = {
	};
	objectVersion = 50;
	objects = {

/* Begin PBXBuildFile section */
		3FC6D4F320B8356100353321 /* coinbaseHelper.swift in Sources */ = {isa = PBXBuildFile; fileRef = 3FC6D4F220B8356100353321 /* coinbaseHelper.swift */; };
		771742B120C1EED400BD0A88 /* PhoneNumberHelper.swift in Sources */ = {isa = PBXBuildFile; fileRef = 771742B020C1EED400BD0A88 /* PhoneNumberHelper.swift */; };
		771742B320C22E5E00BD0A88 /* SendCoinSuccesVC.swift in Sources */ = {isa = PBXBuildFile; fileRef = 771742B220C22E5E00BD0A88 /* SendCoinSuccesVC.swift */; };
		771742B520C22FEC00BD0A88 /* SendCoinErrorVC.swift in Sources */ = {isa = PBXBuildFile; fileRef = 771742B420C22FEC00BD0A88 /* SendCoinErrorVC.swift */; };
		774E2D4A20A971BE0039435E /* ContactsManager.swift in Sources */ = {isa = PBXBuildFile; fileRef = 774E2D4920A971BE0039435E /* ContactsManager.swift */; };
		774E2D4C20A98D4C0039435E /* ContactTBVCell.swift in Sources */ = {isa = PBXBuildFile; fileRef = 774E2D4B20A98D4C0039435E /* ContactTBVCell.swift */; };
		774E2D5020AC0F240039435E /* ImageHelper.swift in Sources */ = {isa = PBXBuildFile; fileRef = 774E2D4F20AC0F240039435E /* ImageHelper.swift */; };
		774E2D5220AC1A3D0039435E /* StringHelper.swift in Sources */ = {isa = PBXBuildFile; fileRef = 774E2D5120AC1A3D0039435E /* StringHelper.swift */; };
		774E2D5420AC22D60039435E /* GBContact.swift in Sources */ = {isa = PBXBuildFile; fileRef = 774E2D5320AC22D60039435E /* GBContact.swift */; };
		774E2D5720ACB0150039435E /* GBUser.swift in Sources */ = {isa = PBXBuildFile; fileRef = 774E2D5620ACB0150039435E /* GBUser.swift */; };
		775999FD20A02986001FF565 /* AppDelegate.swift in Sources */ = {isa = PBXBuildFile; fileRef = 775999FC20A02986001FF565 /* AppDelegate.swift */; };
		775999FF20A02986001FF565 /* MainVC.swift in Sources */ = {isa = PBXBuildFile; fileRef = 775999FE20A02986001FF565 /* MainVC.swift */; };
		77599A0220A02986001FF565 /* Main.storyboard in Resources */ = {isa = PBXBuildFile; fileRef = 77599A0020A02986001FF565 /* Main.storyboard */; };
		77599A0420A02987001FF565 /* Assets.xcassets in Resources */ = {isa = PBXBuildFile; fileRef = 77599A0320A02987001FF565 /* Assets.xcassets */; };
		77599A0720A02987001FF565 /* LaunchScreen.storyboard in Resources */ = {isa = PBXBuildFile; fileRef = 77599A0520A02987001FF565 /* LaunchScreen.storyboard */; };
		77599A1220A02987001FF565 /* GivBitTests.swift in Sources */ = {isa = PBXBuildFile; fileRef = 77599A1120A02987001FF565 /* GivBitTests.swift */; };
		77599A1D20A02987001FF565 /* GivBitUITests.swift in Sources */ = {isa = PBXBuildFile; fileRef = 77599A1C20A02987001FF565 /* GivBitUITests.swift */; };
		77599A2C20A03D5E001FF565 /* GoogleService-Info.plist in Resources */ = {isa = PBXBuildFile; fileRef = 77599A2B20A03D5E001FF565 /* GoogleService-Info.plist */; };
		77599A2F20A042DD001FF565 /* Login.storyboard in Resources */ = {isa = PBXBuildFile; fileRef = 77599A2E20A042DD001FF565 /* Login.storyboard */; };
		77599A3220A044DD001FF565 /* SendSMSyController.swift in Sources */ = {isa = PBXBuildFile; fileRef = 77599A3120A044DD001FF565 /* SendSMSyController.swift */; };
		77599A3520A04A8B001FF565 /* VerifySMSController.swift in Sources */ = {isa = PBXBuildFile; fileRef = 77599A3420A04A8B001FF565 /* VerifySMSController.swift */; };
		77599A3920A086DD001FF565 /* FBLoginVC.swift in Sources */ = {isa = PBXBuildFile; fileRef = 77599A3820A086DD001FF565 /* FBLoginVC.swift */; };
		77599A3F20A1A78E001FF565 /* ReviewLoginVC.swift in Sources */ = {isa = PBXBuildFile; fileRef = 77599A3E20A1A78E001FF565 /* ReviewLoginVC.swift */; };
		77599A4120A314E1001FF565 /* LoginVC.swift in Sources */ = {isa = PBXBuildFile; fileRef = 77599A4020A314E1001FF565 /* LoginVC.swift */; };
		77599A4320A31659001FF565 /* ColorsHelper.swift in Sources */ = {isa = PBXBuildFile; fileRef = 77599A4220A31659001FF565 /* ColorsHelper.swift */; };
		779417A120B5045C00A46BE2 /* SendCoinVC.swift in Sources */ = {isa = PBXBuildFile; fileRef = 779417A020B5045C00A46BE2 /* SendCoinVC.swift */; };
		779417A520B6B37B00A46BE2 /* SettingsVC.swift in Sources */ = {isa = PBXBuildFile; fileRef = 779417A420B6B37B00A46BE2 /* SettingsVC.swift */; };
		779417A720B7E4AE00A46BE2 /* AlertHelper.swift in Sources */ = {isa = PBXBuildFile; fileRef = 779417A620B7E4AE00A46BE2 /* AlertHelper.swift */; };
		779CBEBB20A41FA600341004 /* FirestoreHelper.swift in Sources */ = {isa = PBXBuildFile; fileRef = 779CBEBA20A41FA600341004 /* FirestoreHelper.swift */; };
		77B7C23820B7F4990008E258 /* GBTextField.swift in Sources */ = {isa = PBXBuildFile; fileRef = 77B7C23720B7F4990008E258 /* GBTextField.swift */; };
		77B7C23A20B835C40008E258 /* CoinbaseVC.swift in Sources */ = {isa = PBXBuildFile; fileRef = 77B7C23920B835C40008E258 /* CoinbaseVC.swift */; };
		77B7C23C20B905ED0008E258 /* RequestContactsVC.swift in Sources */ = {isa = PBXBuildFile; fileRef = 77B7C23B20B905ED0008E258 /* RequestContactsVC.swift */; };
		77B7C23E20B915EB0008E258 /* GBTransactionTBVC.swift in Sources */ = {isa = PBXBuildFile; fileRef = 77B7C23D20B915EB0008E258 /* GBTransactionTBVC.swift */; };
		77B7C24020B9216D0008E258 /* GBTransaction.swift in Sources */ = {isa = PBXBuildFile; fileRef = 77B7C23F20B9216D0008E258 /* GBTransaction.swift */; };
		77B7C24220B924920008E258 /* TransactionsVC.swift in Sources */ = {isa = PBXBuildFile; fileRef = 77B7C24120B924920008E258 /* TransactionsVC.swift */; };
		77C04AB720BECB500043AC0A /* FirebaseHelper.swift in Sources */ = {isa = PBXBuildFile; fileRef = 77C04AB620BECB500043AC0A /* FirebaseHelper.swift */; };
		7D16C58D4611BF5AD5797E38 /* Pods_GivBitTests.framework in Frameworks */ = {isa = PBXBuildFile; fileRef = 6903F1C78049D448E70636E3 /* Pods_GivBitTests.framework */; };
		917A29F17ECDF8A04863167A /* Pods_GivBit.framework in Frameworks */ = {isa = PBXBuildFile; fileRef = 27C4F641A0A396D79F7E442A /* Pods_GivBit.framework */; };
		AC3F4596E8D8706A78B28945 /* Pods_GivBitUITests.framework in Frameworks */ = {isa = PBXBuildFile; fileRef = 355127CD12E86A95A2FE5E95 /* Pods_GivBitUITests.framework */; };
/* End PBXBuildFile section */

/* Begin PBXContainerItemProxy section */
		77599A0E20A02987001FF565 /* PBXContainerItemProxy */ = {
			isa = PBXContainerItemProxy;
			containerPortal = 775999F120A02986001FF565 /* Project object */;
			proxyType = 1;
			remoteGlobalIDString = 775999F820A02986001FF565;
			remoteInfo = GivBit;
		};
		77599A1920A02987001FF565 /* PBXContainerItemProxy */ = {
			isa = PBXContainerItemProxy;
			containerPortal = 775999F120A02986001FF565 /* Project object */;
			proxyType = 1;
			remoteGlobalIDString = 775999F820A02986001FF565;
			remoteInfo = GivBit;
		};
/* End PBXContainerItemProxy section */

/* Begin PBXFileReference section */
		27C4F641A0A396D79F7E442A /* Pods_GivBit.framework */ = {isa = PBXFileReference; explicitFileType = wrapper.framework; includeInIndex = 0; path = Pods_GivBit.framework; sourceTree = BUILT_PRODUCTS_DIR; };
		2F2FCD1ADE0B53038880992D /* Pods-GivBitUITests.debug.xcconfig */ = {isa = PBXFileReference; includeInIndex = 1; lastKnownFileType = text.xcconfig; name = "Pods-GivBitUITests.debug.xcconfig"; path = "Pods/Target Support Files/Pods-GivBitUITests/Pods-GivBitUITests.debug.xcconfig"; sourceTree = "<group>"; };
		355127CD12E86A95A2FE5E95 /* Pods_GivBitUITests.framework */ = {isa = PBXFileReference; explicitFileType = wrapper.framework; includeInIndex = 0; path = Pods_GivBitUITests.framework; sourceTree = BUILT_PRODUCTS_DIR; };
		3FC6D4F220B8356100353321 /* coinbaseHelper.swift */ = {isa = PBXFileReference; fileEncoding = 4; lastKnownFileType = sourcecode.swift; path = coinbaseHelper.swift; sourceTree = "<group>"; };
		45A373ADA415EB283ADD1514 /* Pods-GivBitTests.release.xcconfig */ = {isa = PBXFileReference; includeInIndex = 1; lastKnownFileType = text.xcconfig; name = "Pods-GivBitTests.release.xcconfig"; path = "Pods/Target Support Files/Pods-GivBitTests/Pods-GivBitTests.release.xcconfig"; sourceTree = "<group>"; };
		6903F1C78049D448E70636E3 /* Pods_GivBitTests.framework */ = {isa = PBXFileReference; explicitFileType = wrapper.framework; includeInIndex = 0; path = Pods_GivBitTests.framework; sourceTree = BUILT_PRODUCTS_DIR; };
		771742B020C1EED400BD0A88 /* PhoneNumberHelper.swift */ = {isa = PBXFileReference; lastKnownFileType = sourcecode.swift; path = PhoneNumberHelper.swift; sourceTree = "<group>"; };
		771742B220C22E5E00BD0A88 /* SendCoinSuccesVC.swift */ = {isa = PBXFileReference; lastKnownFileType = sourcecode.swift; path = SendCoinSuccesVC.swift; sourceTree = "<group>"; };
		771742B420C22FEC00BD0A88 /* SendCoinErrorVC.swift */ = {isa = PBXFileReference; lastKnownFileType = sourcecode.swift; path = SendCoinErrorVC.swift; sourceTree = "<group>"; };
		774E2D4920A971BE0039435E /* ContactsManager.swift */ = {isa = PBXFileReference; lastKnownFileType = sourcecode.swift; path = ContactsManager.swift; sourceTree = "<group>"; };
		774E2D4B20A98D4C0039435E /* ContactTBVCell.swift */ = {isa = PBXFileReference; lastKnownFileType = sourcecode.swift; path = ContactTBVCell.swift; sourceTree = "<group>"; };
		774E2D4F20AC0F240039435E /* ImageHelper.swift */ = {isa = PBXFileReference; lastKnownFileType = sourcecode.swift; path = ImageHelper.swift; sourceTree = "<group>"; };
		774E2D5120AC1A3D0039435E /* StringHelper.swift */ = {isa = PBXFileReference; lastKnownFileType = sourcecode.swift; path = StringHelper.swift; sourceTree = "<group>"; };
		774E2D5320AC22D60039435E /* GBContact.swift */ = {isa = PBXFileReference; lastKnownFileType = sourcecode.swift; path = GBContact.swift; sourceTree = "<group>"; };
		774E2D5620ACB0150039435E /* GBUser.swift */ = {isa = PBXFileReference; lastKnownFileType = sourcecode.swift; path = GBUser.swift; sourceTree = "<group>"; };
		775999F920A02986001FF565 /* GivBit.app */ = {isa = PBXFileReference; explicitFileType = wrapper.application; includeInIndex = 0; path = GivBit.app; sourceTree = BUILT_PRODUCTS_DIR; };
		775999FC20A02986001FF565 /* AppDelegate.swift */ = {isa = PBXFileReference; lastKnownFileType = sourcecode.swift; path = AppDelegate.swift; sourceTree = "<group>"; };
		775999FE20A02986001FF565 /* MainVC.swift */ = {isa = PBXFileReference; lastKnownFileType = sourcecode.swift; path = MainVC.swift; sourceTree = "<group>"; };
		77599A0120A02986001FF565 /* Base */ = {isa = PBXFileReference; lastKnownFileType = file.storyboard; name = Base; path = Base.lproj/Main.storyboard; sourceTree = "<group>"; };
		77599A0320A02987001FF565 /* Assets.xcassets */ = {isa = PBXFileReference; lastKnownFileType = folder.assetcatalog; path = Assets.xcassets; sourceTree = "<group>"; };
		77599A0620A02987001FF565 /* Base */ = {isa = PBXFileReference; lastKnownFileType = file.storyboard; name = Base; path = Base.lproj/LaunchScreen.storyboard; sourceTree = "<group>"; };
		77599A0820A02987001FF565 /* Info.plist */ = {isa = PBXFileReference; lastKnownFileType = text.plist.xml; path = Info.plist; sourceTree = "<group>"; };
		77599A0D20A02987001FF565 /* GivBitTests.xctest */ = {isa = PBXFileReference; explicitFileType = wrapper.cfbundle; includeInIndex = 0; path = GivBitTests.xctest; sourceTree = BUILT_PRODUCTS_DIR; };
		77599A1120A02987001FF565 /* GivBitTests.swift */ = {isa = PBXFileReference; lastKnownFileType = sourcecode.swift; path = GivBitTests.swift; sourceTree = "<group>"; };
		77599A1320A02987001FF565 /* Info.plist */ = {isa = PBXFileReference; lastKnownFileType = text.plist.xml; path = Info.plist; sourceTree = "<group>"; };
		77599A1820A02987001FF565 /* GivBitUITests.xctest */ = {isa = PBXFileReference; explicitFileType = wrapper.cfbundle; includeInIndex = 0; path = GivBitUITests.xctest; sourceTree = BUILT_PRODUCTS_DIR; };
		77599A1C20A02987001FF565 /* GivBitUITests.swift */ = {isa = PBXFileReference; lastKnownFileType = sourcecode.swift; path = GivBitUITests.swift; sourceTree = "<group>"; };
		77599A1E20A02987001FF565 /* Info.plist */ = {isa = PBXFileReference; lastKnownFileType = text.plist.xml; path = Info.plist; sourceTree = "<group>"; };
		77599A2B20A03D5E001FF565 /* GoogleService-Info.plist */ = {isa = PBXFileReference; fileEncoding = 4; lastKnownFileType = text.plist.xml; path = "GoogleService-Info.plist"; sourceTree = "<group>"; };
		77599A2D20A03F4D001FF565 /* GivBit.entitlements */ = {isa = PBXFileReference; lastKnownFileType = text.plist.entitlements; path = GivBit.entitlements; sourceTree = "<group>"; };
		77599A2E20A042DD001FF565 /* Login.storyboard */ = {isa = PBXFileReference; lastKnownFileType = file.storyboard; path = Login.storyboard; sourceTree = "<group>"; };
		77599A3120A044DD001FF565 /* SendSMSyController.swift */ = {isa = PBXFileReference; lastKnownFileType = sourcecode.swift; path = SendSMSyController.swift; sourceTree = "<group>"; };
		77599A3420A04A8B001FF565 /* VerifySMSController.swift */ = {isa = PBXFileReference; lastKnownFileType = sourcecode.swift; path = VerifySMSController.swift; sourceTree = "<group>"; };
		77599A3820A086DD001FF565 /* FBLoginVC.swift */ = {isa = PBXFileReference; lastKnownFileType = sourcecode.swift; path = FBLoginVC.swift; sourceTree = "<group>"; };
		77599A3A20A08765001FF565 /* GivBit-Bridging-Header.h */ = {isa = PBXFileReference; lastKnownFileType = sourcecode.c.h; path = "GivBit-Bridging-Header.h"; sourceTree = "<group>"; };
		77599A3E20A1A78E001FF565 /* ReviewLoginVC.swift */ = {isa = PBXFileReference; lastKnownFileType = sourcecode.swift; path = ReviewLoginVC.swift; sourceTree = "<group>"; };
		77599A4020A314E1001FF565 /* LoginVC.swift */ = {isa = PBXFileReference; lastKnownFileType = sourcecode.swift; path = LoginVC.swift; sourceTree = "<group>"; };
		77599A4220A31659001FF565 /* ColorsHelper.swift */ = {isa = PBXFileReference; lastKnownFileType = sourcecode.swift; path = ColorsHelper.swift; sourceTree = "<group>"; };
		779417A020B5045C00A46BE2 /* SendCoinVC.swift */ = {isa = PBXFileReference; lastKnownFileType = sourcecode.swift; path = SendCoinVC.swift; sourceTree = "<group>"; };
		779417A420B6B37B00A46BE2 /* SettingsVC.swift */ = {isa = PBXFileReference; lastKnownFileType = sourcecode.swift; path = SettingsVC.swift; sourceTree = "<group>"; };
		779417A620B7E4AE00A46BE2 /* AlertHelper.swift */ = {isa = PBXFileReference; lastKnownFileType = sourcecode.swift; path = AlertHelper.swift; sourceTree = "<group>"; };
		779CBEBA20A41FA600341004 /* FirestoreHelper.swift */ = {isa = PBXFileReference; lastKnownFileType = sourcecode.swift; path = FirestoreHelper.swift; sourceTree = "<group>"; };
		77B7C23720B7F4990008E258 /* GBTextField.swift */ = {isa = PBXFileReference; lastKnownFileType = sourcecode.swift; path = GBTextField.swift; sourceTree = "<group>"; };
		77B7C23920B835C40008E258 /* CoinbaseVC.swift */ = {isa = PBXFileReference; lastKnownFileType = sourcecode.swift; path = CoinbaseVC.swift; sourceTree = "<group>"; };
		77B7C23B20B905ED0008E258 /* RequestContactsVC.swift */ = {isa = PBXFileReference; lastKnownFileType = sourcecode.swift; path = RequestContactsVC.swift; sourceTree = "<group>"; };
		77B7C23D20B915EB0008E258 /* GBTransactionTBVC.swift */ = {isa = PBXFileReference; lastKnownFileType = sourcecode.swift; path = GBTransactionTBVC.swift; sourceTree = "<group>"; };
		77B7C23F20B9216D0008E258 /* GBTransaction.swift */ = {isa = PBXFileReference; lastKnownFileType = sourcecode.swift; path = GBTransaction.swift; sourceTree = "<group>"; };
		77B7C24120B924920008E258 /* TransactionsVC.swift */ = {isa = PBXFileReference; lastKnownFileType = sourcecode.swift; path = TransactionsVC.swift; sourceTree = "<group>"; };
		77C04AB620BECB500043AC0A /* FirebaseHelper.swift */ = {isa = PBXFileReference; lastKnownFileType = sourcecode.swift; path = FirebaseHelper.swift; sourceTree = "<group>"; };
		97278999021FF89CD2C74A0B /* Pods-GivBit.release.xcconfig */ = {isa = PBXFileReference; includeInIndex = 1; lastKnownFileType = text.xcconfig; name = "Pods-GivBit.release.xcconfig"; path = "Pods/Target Support Files/Pods-GivBit/Pods-GivBit.release.xcconfig"; sourceTree = "<group>"; };
		A3243C0D23FF3C2C434E10EC /* Pods-GivBitUITests.release.xcconfig */ = {isa = PBXFileReference; includeInIndex = 1; lastKnownFileType = text.xcconfig; name = "Pods-GivBitUITests.release.xcconfig"; path = "Pods/Target Support Files/Pods-GivBitUITests/Pods-GivBitUITests.release.xcconfig"; sourceTree = "<group>"; };
		D789BCAE62317A7BE95FE4C1 /* Pods-GivBitTests.debug.xcconfig */ = {isa = PBXFileReference; includeInIndex = 1; lastKnownFileType = text.xcconfig; name = "Pods-GivBitTests.debug.xcconfig"; path = "Pods/Target Support Files/Pods-GivBitTests/Pods-GivBitTests.debug.xcconfig"; sourceTree = "<group>"; };
		E18B7F5895A5DE5747222113 /* Pods-GivBit.debug.xcconfig */ = {isa = PBXFileReference; includeInIndex = 1; lastKnownFileType = text.xcconfig; name = "Pods-GivBit.debug.xcconfig"; path = "Pods/Target Support Files/Pods-GivBit/Pods-GivBit.debug.xcconfig"; sourceTree = "<group>"; };
/* End PBXFileReference section */

/* Begin PBXFrameworksBuildPhase section */
		775999F620A02986001FF565 /* Frameworks */ = {
			isa = PBXFrameworksBuildPhase;
			buildActionMask = 2147483647;
			files = (
				917A29F17ECDF8A04863167A /* Pods_GivBit.framework in Frameworks */,
			);
			runOnlyForDeploymentPostprocessing = 0;
		};
		77599A0A20A02987001FF565 /* Frameworks */ = {
			isa = PBXFrameworksBuildPhase;
			buildActionMask = 2147483647;
			files = (
				7D16C58D4611BF5AD5797E38 /* Pods_GivBitTests.framework in Frameworks */,
			);
			runOnlyForDeploymentPostprocessing = 0;
		};
		77599A1520A02987001FF565 /* Frameworks */ = {
			isa = PBXFrameworksBuildPhase;
			buildActionMask = 2147483647;
			files = (
				AC3F4596E8D8706A78B28945 /* Pods_GivBitUITests.framework in Frameworks */,
			);
			runOnlyForDeploymentPostprocessing = 0;
		};
/* End PBXFrameworksBuildPhase section */

/* Begin PBXGroup section */
		09CEC11D28E61C20BDB6CD31 /* Pods */ = {
			isa = PBXGroup;
			children = (
				E18B7F5895A5DE5747222113 /* Pods-GivBit.debug.xcconfig */,
				97278999021FF89CD2C74A0B /* Pods-GivBit.release.xcconfig */,
				D789BCAE62317A7BE95FE4C1 /* Pods-GivBitTests.debug.xcconfig */,
				45A373ADA415EB283ADD1514 /* Pods-GivBitTests.release.xcconfig */,
				2F2FCD1ADE0B53038880992D /* Pods-GivBitUITests.debug.xcconfig */,
				A3243C0D23FF3C2C434E10EC /* Pods-GivBitUITests.release.xcconfig */,
			);
			name = Pods;
			sourceTree = "<group>";
		};
		774E2D5520ACAD5D0039435E /* DataHandeling */ = {
			isa = PBXGroup;
			children = (
				779CBEBA20A41FA600341004 /* FirestoreHelper.swift */,
				77C04AB620BECB500043AC0A /* FirebaseHelper.swift */,
				774E2D4920A971BE0039435E /* ContactsManager.swift */,
				774E2D5320AC22D60039435E /* GBContact.swift */,
				774E2D5620ACB0150039435E /* GBUser.swift */,
				77B7C23F20B9216D0008E258 /* GBTransaction.swift */,
			);
			path = DataHandeling;
			sourceTree = "<group>";
		};
		775999F020A02986001FF565 = {
			isa = PBXGroup;
			children = (
				775999FB20A02986001FF565 /* GivBit */,
				77599A1020A02987001FF565 /* GivBitTests */,
				77599A1B20A02987001FF565 /* GivBitUITests */,
				775999FA20A02986001FF565 /* Products */,
				09CEC11D28E61C20BDB6CD31 /* Pods */,
				E332B805FAE9490A78AF1E86 /* Frameworks */,
				77599A3A20A08765001FF565 /* GivBit-Bridging-Header.h */,
			);
			sourceTree = "<group>";
		};
		775999FA20A02986001FF565 /* Products */ = {
			isa = PBXGroup;
			children = (
				775999F920A02986001FF565 /* GivBit.app */,
				77599A0D20A02987001FF565 /* GivBitTests.xctest */,
				77599A1820A02987001FF565 /* GivBitUITests.xctest */,
			);
			name = Products;
			sourceTree = "<group>";
		};
		775999FB20A02986001FF565 /* GivBit */ = {
			isa = PBXGroup;
			children = (
				77599A2D20A03F4D001FF565 /* GivBit.entitlements */,
				77B7C23420B7F4500008E258 /* CustomUIObjects */,
				77599A4420A3165F001FF565 /* Helpers */,
				774E2D5520ACAD5D0039435E /* DataHandeling */,
				77599A2A20A03D46001FF565 /* Plists */,
				77599A3020A044C0001FF565 /* Login */,
				779CBEBC20A4387600341004 /* Main */,
				775999FC20A02986001FF565 /* AppDelegate.swift */,
				77599A0320A02987001FF565 /* Assets.xcassets */,
				77599A0520A02987001FF565 /* LaunchScreen.storyboard */,
			);
			path = GivBit;
			sourceTree = "<group>";
		};
		77599A1020A02987001FF565 /* GivBitTests */ = {
			isa = PBXGroup;
			children = (
				77599A1120A02987001FF565 /* GivBitTests.swift */,
				77599A1320A02987001FF565 /* Info.plist */,
			);
			path = GivBitTests;
			sourceTree = "<group>";
		};
		77599A1B20A02987001FF565 /* GivBitUITests */ = {
			isa = PBXGroup;
			children = (
				77599A1C20A02987001FF565 /* GivBitUITests.swift */,
				77599A1E20A02987001FF565 /* Info.plist */,
			);
			path = GivBitUITests;
			sourceTree = "<group>";
		};
		77599A2A20A03D46001FF565 /* Plists */ = {
			isa = PBXGroup;
			children = (
				77599A0820A02987001FF565 /* Info.plist */,
				77599A2B20A03D5E001FF565 /* GoogleService-Info.plist */,
			);
			path = Plists;
			sourceTree = "<group>";
		};
		77599A3020A044C0001FF565 /* Login */ = {
			isa = PBXGroup;
			children = (
				77599A2E20A042DD001FF565 /* Login.storyboard */,
				77599A3120A044DD001FF565 /* SendSMSyController.swift */,
				77599A3420A04A8B001FF565 /* VerifySMSController.swift */,
				77599A3820A086DD001FF565 /* FBLoginVC.swift */,
				77599A4020A314E1001FF565 /* LoginVC.swift */,
				77B7C23920B835C40008E258 /* CoinbaseVC.swift */,
				77B7C23B20B905ED0008E258 /* RequestContactsVC.swift */,
				77599A3E20A1A78E001FF565 /* ReviewLoginVC.swift */,
			);
			path = Login;
			sourceTree = "<group>";
		};
		77599A4420A3165F001FF565 /* Helpers */ = {
			isa = PBXGroup;
			children = (
				3FC6D4F220B8356100353321 /* coinbaseHelper.swift */,
				77599A4220A31659001FF565 /* ColorsHelper.swift */,
				774E2D4F20AC0F240039435E /* ImageHelper.swift */,
				774E2D5120AC1A3D0039435E /* StringHelper.swift */,
				779417A620B7E4AE00A46BE2 /* AlertHelper.swift */,
				771742B020C1EED400BD0A88 /* PhoneNumberHelper.swift */,
			);
			path = Helpers;
			sourceTree = "<group>";
		};
		779CBEBC20A4387600341004 /* Main */ = {
			isa = PBXGroup;
			children = (
				77599A0020A02986001FF565 /* Main.storyboard */,
				775999FE20A02986001FF565 /* MainVC.swift */,
				779417A420B6B37B00A46BE2 /* SettingsVC.swift */,
				77B7C24120B924920008E258 /* TransactionsVC.swift */,
				779417A020B5045C00A46BE2 /* SendCoinVC.swift */,
				771742B220C22E5E00BD0A88 /* SendCoinSuccesVC.swift */,
				771742B420C22FEC00BD0A88 /* SendCoinErrorVC.swift */,
			);
			path = Main;
			sourceTree = "<group>";
		};
		77B7C23420B7F4500008E258 /* CustomUIObjects */ = {
			isa = PBXGroup;
			children = (
				774E2D4B20A98D4C0039435E /* ContactTBVCell.swift */,
				77B7C23720B7F4990008E258 /* GBTextField.swift */,
				77B7C23D20B915EB0008E258 /* GBTransactionTBVC.swift */,
			);
			path = CustomUIObjects;
			sourceTree = "<group>";
		};
		E332B805FAE9490A78AF1E86 /* Frameworks */ = {
			isa = PBXGroup;
			children = (
				27C4F641A0A396D79F7E442A /* Pods_GivBit.framework */,
				6903F1C78049D448E70636E3 /* Pods_GivBitTests.framework */,
				355127CD12E86A95A2FE5E95 /* Pods_GivBitUITests.framework */,
			);
			name = Frameworks;
			sourceTree = "<group>";
		};
/* End PBXGroup section */

/* Begin PBXNativeTarget section */
		775999F820A02986001FF565 /* GivBit */ = {
			isa = PBXNativeTarget;
			buildConfigurationList = 77599A2120A02987001FF565 /* Build configuration list for PBXNativeTarget "GivBit" */;
			buildPhases = (
				AC47821A64548200E14B65BD /* [CP] Check Pods Manifest.lock */,
				775999F520A02986001FF565 /* Sources */,
				775999F620A02986001FF565 /* Frameworks */,
				775999F720A02986001FF565 /* Resources */,
				E8CCACE080BEF24FF3A90281 /* [CP] Embed Pods Frameworks */,
			);
			buildRules = (
			);
			dependencies = (
			);
			name = GivBit;
			productName = GivBit;
			productReference = 775999F920A02986001FF565 /* GivBit.app */;
			productType = "com.apple.product-type.application";
		};
		77599A0C20A02987001FF565 /* GivBitTests */ = {
			isa = PBXNativeTarget;
			buildConfigurationList = 77599A2420A02987001FF565 /* Build configuration list for PBXNativeTarget "GivBitTests" */;
			buildPhases = (
				A2B07654EFF5DC6F696F2A86 /* [CP] Check Pods Manifest.lock */,
				77599A0920A02987001FF565 /* Sources */,
				77599A0A20A02987001FF565 /* Frameworks */,
				77599A0B20A02987001FF565 /* Resources */,
			);
			buildRules = (
			);
			dependencies = (
				77599A0F20A02987001FF565 /* PBXTargetDependency */,
			);
			name = GivBitTests;
			productName = GivBitTests;
			productReference = 77599A0D20A02987001FF565 /* GivBitTests.xctest */;
			productType = "com.apple.product-type.bundle.unit-test";
		};
		77599A1720A02987001FF565 /* GivBitUITests */ = {
			isa = PBXNativeTarget;
			buildConfigurationList = 77599A2720A02987001FF565 /* Build configuration list for PBXNativeTarget "GivBitUITests" */;
			buildPhases = (
				C22589FC8445113BFDA5CA12 /* [CP] Check Pods Manifest.lock */,
				77599A1420A02987001FF565 /* Sources */,
				77599A1520A02987001FF565 /* Frameworks */,
				77599A1620A02987001FF565 /* Resources */,
			);
			buildRules = (
			);
			dependencies = (
				77599A1A20A02987001FF565 /* PBXTargetDependency */,
			);
			name = GivBitUITests;
			productName = GivBitUITests;
			productReference = 77599A1820A02987001FF565 /* GivBitUITests.xctest */;
			productType = "com.apple.product-type.bundle.ui-testing";
		};
/* End PBXNativeTarget section */

/* Begin PBXProject section */
		775999F120A02986001FF565 /* Project object */ = {
			isa = PBXProject;
			attributes = {
				LastSwiftUpdateCheck = 0930;
				LastUpgradeCheck = 0930;
				ORGANIZATIONNAME = Ibtidah;
				TargetAttributes = {
					775999F820A02986001FF565 = {
						CreatedOnToolsVersion = 9.3;
						LastSwiftMigration = 0930;
						SystemCapabilities = {
							com.apple.Push = {
								enabled = 1;
							};
						};
					};
					77599A0C20A02987001FF565 = {
						CreatedOnToolsVersion = 9.3;
						TestTargetID = 775999F820A02986001FF565;
					};
					77599A1720A02987001FF565 = {
						CreatedOnToolsVersion = 9.3;
						TestTargetID = 775999F820A02986001FF565;
					};
				};
			};
			buildConfigurationList = 775999F420A02986001FF565 /* Build configuration list for PBXProject "GivBit" */;
			compatibilityVersion = "Xcode 9.3";
			developmentRegion = en;
			hasScannedForEncodings = 0;
			knownRegions = (
				en,
				Base,
			);
			mainGroup = 775999F020A02986001FF565;
			productRefGroup = 775999FA20A02986001FF565 /* Products */;
			projectDirPath = "";
			projectRoot = "";
			targets = (
				775999F820A02986001FF565 /* GivBit */,
				77599A0C20A02987001FF565 /* GivBitTests */,
				77599A1720A02987001FF565 /* GivBitUITests */,
			);
		};
/* End PBXProject section */

/* Begin PBXResourcesBuildPhase section */
		775999F720A02986001FF565 /* Resources */ = {
			isa = PBXResourcesBuildPhase;
			buildActionMask = 2147483647;
			files = (
				77599A0720A02987001FF565 /* LaunchScreen.storyboard in Resources */,
				77599A2C20A03D5E001FF565 /* GoogleService-Info.plist in Resources */,
				77599A0420A02987001FF565 /* Assets.xcassets in Resources */,
				77599A2F20A042DD001FF565 /* Login.storyboard in Resources */,
				77599A0220A02986001FF565 /* Main.storyboard in Resources */,
			);
			runOnlyForDeploymentPostprocessing = 0;
		};
		77599A0B20A02987001FF565 /* Resources */ = {
			isa = PBXResourcesBuildPhase;
			buildActionMask = 2147483647;
			files = (
			);
			runOnlyForDeploymentPostprocessing = 0;
		};
		77599A1620A02987001FF565 /* Resources */ = {
			isa = PBXResourcesBuildPhase;
			buildActionMask = 2147483647;
			files = (
			);
			runOnlyForDeploymentPostprocessing = 0;
		};
/* End PBXResourcesBuildPhase section */

/* Begin PBXShellScriptBuildPhase section */
		A2B07654EFF5DC6F696F2A86 /* [CP] Check Pods Manifest.lock */ = {
			isa = PBXShellScriptBuildPhase;
			buildActionMask = 2147483647;
			files = (
			);
			inputPaths = (
				"${PODS_PODFILE_DIR_PATH}/Podfile.lock",
				"${PODS_ROOT}/Manifest.lock",
			);
			name = "[CP] Check Pods Manifest.lock";
			outputPaths = (
				"$(DERIVED_FILE_DIR)/Pods-GivBitTests-checkManifestLockResult.txt",
			);
			runOnlyForDeploymentPostprocessing = 0;
			shellPath = /bin/sh;
			shellScript = "diff \"${PODS_PODFILE_DIR_PATH}/Podfile.lock\" \"${PODS_ROOT}/Manifest.lock\" > /dev/null\nif [ $? != 0 ] ; then\n    # print error to STDERR\n    echo \"error: The sandbox is not in sync with the Podfile.lock. Run 'pod install' or update your CocoaPods installation.\" >&2\n    exit 1\nfi\n# This output is used by Xcode 'outputs' to avoid re-running this script phase.\necho \"SUCCESS\" > \"${SCRIPT_OUTPUT_FILE_0}\"\n";
			showEnvVarsInLog = 0;
		};
		AC47821A64548200E14B65BD /* [CP] Check Pods Manifest.lock */ = {
			isa = PBXShellScriptBuildPhase;
			buildActionMask = 2147483647;
			files = (
			);
			inputPaths = (
				"${PODS_PODFILE_DIR_PATH}/Podfile.lock",
				"${PODS_ROOT}/Manifest.lock",
			);
			name = "[CP] Check Pods Manifest.lock";
			outputPaths = (
				"$(DERIVED_FILE_DIR)/Pods-GivBit-checkManifestLockResult.txt",
			);
			runOnlyForDeploymentPostprocessing = 0;
			shellPath = /bin/sh;
			shellScript = "diff \"${PODS_PODFILE_DIR_PATH}/Podfile.lock\" \"${PODS_ROOT}/Manifest.lock\" > /dev/null\nif [ $? != 0 ] ; then\n    # print error to STDERR\n    echo \"error: The sandbox is not in sync with the Podfile.lock. Run 'pod install' or update your CocoaPods installation.\" >&2\n    exit 1\nfi\n# This output is used by Xcode 'outputs' to avoid re-running this script phase.\necho \"SUCCESS\" > \"${SCRIPT_OUTPUT_FILE_0}\"\n";
			showEnvVarsInLog = 0;
		};
		C22589FC8445113BFDA5CA12 /* [CP] Check Pods Manifest.lock */ = {
			isa = PBXShellScriptBuildPhase;
			buildActionMask = 2147483647;
			files = (
			);
			inputPaths = (
				"${PODS_PODFILE_DIR_PATH}/Podfile.lock",
				"${PODS_ROOT}/Manifest.lock",
			);
			name = "[CP] Check Pods Manifest.lock";
			outputPaths = (
				"$(DERIVED_FILE_DIR)/Pods-GivBitUITests-checkManifestLockResult.txt",
			);
			runOnlyForDeploymentPostprocessing = 0;
			shellPath = /bin/sh;
			shellScript = "diff \"${PODS_PODFILE_DIR_PATH}/Podfile.lock\" \"${PODS_ROOT}/Manifest.lock\" > /dev/null\nif [ $? != 0 ] ; then\n    # print error to STDERR\n    echo \"error: The sandbox is not in sync with the Podfile.lock. Run 'pod install' or update your CocoaPods installation.\" >&2\n    exit 1\nfi\n# This output is used by Xcode 'outputs' to avoid re-running this script phase.\necho \"SUCCESS\" > \"${SCRIPT_OUTPUT_FILE_0}\"\n";
			showEnvVarsInLog = 0;
		};
		E8CCACE080BEF24FF3A90281 /* [CP] Embed Pods Frameworks */ = {
			isa = PBXShellScriptBuildPhase;
			buildActionMask = 2147483647;
			files = (
			);
			inputPaths = (
				"${SRCROOT}/Pods/Target Support Files/Pods-GivBit/Pods-GivBit-frameworks.sh",
				"${BUILT_PRODUCTS_DIR}/Bolts/Bolts.framework",
				"${BUILT_PRODUCTS_DIR}/BoringSSL/openssl.framework",
				"${BUILT_PRODUCTS_DIR}/CTKFlagPhoneNumber/CTKFlagPhoneNumber.framework",
				"${BUILT_PRODUCTS_DIR}/ChameleonFramework/ChameleonFramework.framework",
				"${BUILT_PRODUCTS_DIR}/FBSDKCoreKit/FBSDKCoreKit.framework",
				"${BUILT_PRODUCTS_DIR}/FBSDKLoginKit/FBSDKLoginKit.framework",
				"${BUILT_PRODUCTS_DIR}/GTMSessionFetcher/GTMSessionFetcher.framework",
				"${BUILT_PRODUCTS_DIR}/GoogleToolboxForMac/GoogleToolboxForMac.framework",
				"${BUILT_PRODUCTS_DIR}/IQKeyboardManagerSwift/IQKeyboardManagerSwift.framework",
				"${BUILT_PRODUCTS_DIR}/MarqueeLabel/MarqueeLabel.framework",
				"${BUILT_PRODUCTS_DIR}/NotificationBannerSwift/NotificationBannerSwift.framework",
				"${BUILT_PRODUCTS_DIR}/OAuthSwift/OAuthSwift.framework",
				"${BUILT_PRODUCTS_DIR}/PhoneNumberKit/PhoneNumberKit.framework",
				"${BUILT_PRODUCTS_DIR}/Protobuf/Protobuf.framework",
				"${BUILT_PRODUCTS_DIR}/SVProgressHUD/SVProgressHUD.framework",
				"${BUILT_PRODUCTS_DIR}/SnapKit/SnapKit.framework",
				"${BUILT_PRODUCTS_DIR}/gRPC/GRPCClient.framework",
				"${BUILT_PRODUCTS_DIR}/gRPC-Core/grpc.framework",
				"${BUILT_PRODUCTS_DIR}/gRPC-ProtoRPC/ProtoRPC.framework",
				"${BUILT_PRODUCTS_DIR}/gRPC-RxLibrary/RxLibrary.framework",
				"${BUILT_PRODUCTS_DIR}/leveldb-library/leveldb.framework",
				"${BUILT_PRODUCTS_DIR}/libPhoneNumber-iOS/libPhoneNumber_iOS.framework",
				"${BUILT_PRODUCTS_DIR}/nanopb/nanopb.framework",
			);
			name = "[CP] Embed Pods Frameworks";
			outputPaths = (
				"${TARGET_BUILD_DIR}/${FRAMEWORKS_FOLDER_PATH}/Bolts.framework",
				"${TARGET_BUILD_DIR}/${FRAMEWORKS_FOLDER_PATH}/openssl.framework",
				"${TARGET_BUILD_DIR}/${FRAMEWORKS_FOLDER_PATH}/CTKFlagPhoneNumber.framework",
				"${TARGET_BUILD_DIR}/${FRAMEWORKS_FOLDER_PATH}/ChameleonFramework.framework",
				"${TARGET_BUILD_DIR}/${FRAMEWORKS_FOLDER_PATH}/FBSDKCoreKit.framework",
				"${TARGET_BUILD_DIR}/${FRAMEWORKS_FOLDER_PATH}/FBSDKLoginKit.framework",
				"${TARGET_BUILD_DIR}/${FRAMEWORKS_FOLDER_PATH}/GTMSessionFetcher.framework",
				"${TARGET_BUILD_DIR}/${FRAMEWORKS_FOLDER_PATH}/GoogleToolboxForMac.framework",
				"${TARGET_BUILD_DIR}/${FRAMEWORKS_FOLDER_PATH}/IQKeyboardManagerSwift.framework",
				"${TARGET_BUILD_DIR}/${FRAMEWORKS_FOLDER_PATH}/MarqueeLabel.framework",
				"${TARGET_BUILD_DIR}/${FRAMEWORKS_FOLDER_PATH}/NotificationBannerSwift.framework",
				"${TARGET_BUILD_DIR}/${FRAMEWORKS_FOLDER_PATH}/OAuthSwift.framework",
				"${TARGET_BUILD_DIR}/${FRAMEWORKS_FOLDER_PATH}/PhoneNumberKit.framework",
				"${TARGET_BUILD_DIR}/${FRAMEWORKS_FOLDER_PATH}/Protobuf.framework",
				"${TARGET_BUILD_DIR}/${FRAMEWORKS_FOLDER_PATH}/SVProgressHUD.framework",
				"${TARGET_BUILD_DIR}/${FRAMEWORKS_FOLDER_PATH}/SnapKit.framework",
				"${TARGET_BUILD_DIR}/${FRAMEWORKS_FOLDER_PATH}/GRPCClient.framework",
				"${TARGET_BUILD_DIR}/${FRAMEWORKS_FOLDER_PATH}/grpc.framework",
				"${TARGET_BUILD_DIR}/${FRAMEWORKS_FOLDER_PATH}/ProtoRPC.framework",
				"${TARGET_BUILD_DIR}/${FRAMEWORKS_FOLDER_PATH}/RxLibrary.framework",
				"${TARGET_BUILD_DIR}/${FRAMEWORKS_FOLDER_PATH}/leveldb.framework",
				"${TARGET_BUILD_DIR}/${FRAMEWORKS_FOLDER_PATH}/libPhoneNumber_iOS.framework",
				"${TARGET_BUILD_DIR}/${FRAMEWORKS_FOLDER_PATH}/nanopb.framework",
			);
			runOnlyForDeploymentPostprocessing = 0;
			shellPath = /bin/sh;
			shellScript = "\"${SRCROOT}/Pods/Target Support Files/Pods-GivBit/Pods-GivBit-frameworks.sh\"\n";
			showEnvVarsInLog = 0;
		};
/* End PBXShellScriptBuildPhase section */

/* Begin PBXSourcesBuildPhase section */
		775999F520A02986001FF565 /* Sources */ = {
			isa = PBXSourcesBuildPhase;
			buildActionMask = 2147483647;
			files = (
				779417A520B6B37B00A46BE2 /* SettingsVC.swift in Sources */,
				77B7C23A20B835C40008E258 /* CoinbaseVC.swift in Sources */,
				779417A720B7E4AE00A46BE2 /* AlertHelper.swift in Sources */,
				77599A3F20A1A78E001FF565 /* ReviewLoginVC.swift in Sources */,
				779CBEBB20A41FA600341004 /* FirestoreHelper.swift in Sources */,
				771742B120C1EED400BD0A88 /* PhoneNumberHelper.swift in Sources */,
				77B7C24020B9216D0008E258 /* GBTransaction.swift in Sources */,
				774E2D4C20A98D4C0039435E /* ContactTBVCell.swift in Sources */,
				77599A3520A04A8B001FF565 /* VerifySMSController.swift in Sources */,
				771742B520C22FEC00BD0A88 /* SendCoinErrorVC.swift in Sources */,
				77599A4120A314E1001FF565 /* LoginVC.swift in Sources */,
				3FC6D4F320B8356100353321 /* coinbaseHelper.swift in Sources */,
				77B7C23820B7F4990008E258 /* GBTextField.swift in Sources */,
				774E2D5220AC1A3D0039435E /* StringHelper.swift in Sources */,
				774E2D5420AC22D60039435E /* GBContact.swift in Sources */,
				779417A120B5045C00A46BE2 /* SendCoinVC.swift in Sources */,
				771742B320C22E5E00BD0A88 /* SendCoinSuccesVC.swift in Sources */,
				77B7C24220B924920008E258 /* TransactionsVC.swift in Sources */,
				77599A3220A044DD001FF565 /* SendSMSyController.swift in Sources */,
				774E2D5720ACB0150039435E /* GBUser.swift in Sources */,
				77599A3920A086DD001FF565 /* FBLoginVC.swift in Sources */,
				774E2D4A20A971BE0039435E /* ContactsManager.swift in Sources */,
				77B7C23C20B905ED0008E258 /* RequestContactsVC.swift in Sources */,
				775999FF20A02986001FF565 /* MainVC.swift in Sources */,
				775999FD20A02986001FF565 /* AppDelegate.swift in Sources */,
				77C04AB720BECB500043AC0A /* FirebaseHelper.swift in Sources */,
				77B7C23E20B915EB0008E258 /* GBTransactionTBVC.swift in Sources */,
				77599A4320A31659001FF565 /* ColorsHelper.swift in Sources */,
				774E2D5020AC0F240039435E /* ImageHelper.swift in Sources */,
			);
			runOnlyForDeploymentPostprocessing = 0;
		};
		77599A0920A02987001FF565 /* Sources */ = {
			isa = PBXSourcesBuildPhase;
			buildActionMask = 2147483647;
			files = (
				77599A1220A02987001FF565 /* GivBitTests.swift in Sources */,
			);
			runOnlyForDeploymentPostprocessing = 0;
		};
		77599A1420A02987001FF565 /* Sources */ = {
			isa = PBXSourcesBuildPhase;
			buildActionMask = 2147483647;
			files = (
				77599A1D20A02987001FF565 /* GivBitUITests.swift in Sources */,
			);
			runOnlyForDeploymentPostprocessing = 0;
		};
/* End PBXSourcesBuildPhase section */

/* Begin PBXTargetDependency section */
		77599A0F20A02987001FF565 /* PBXTargetDependency */ = {
			isa = PBXTargetDependency;
			target = 775999F820A02986001FF565 /* GivBit */;
			targetProxy = 77599A0E20A02987001FF565 /* PBXContainerItemProxy */;
		};
		77599A1A20A02987001FF565 /* PBXTargetDependency */ = {
			isa = PBXTargetDependency;
			target = 775999F820A02986001FF565 /* GivBit */;
			targetProxy = 77599A1920A02987001FF565 /* PBXContainerItemProxy */;
		};
/* End PBXTargetDependency section */

/* Begin PBXVariantGroup section */
		77599A0020A02986001FF565 /* Main.storyboard */ = {
			isa = PBXVariantGroup;
			children = (
				77599A0120A02986001FF565 /* Base */,
			);
			name = Main.storyboard;
			sourceTree = "<group>";
		};
		77599A0520A02987001FF565 /* LaunchScreen.storyboard */ = {
			isa = PBXVariantGroup;
			children = (
				77599A0620A02987001FF565 /* Base */,
			);
			name = LaunchScreen.storyboard;
			sourceTree = "<group>";
		};
/* End PBXVariantGroup section */

/* Begin XCBuildConfiguration section */
		77599A1F20A02987001FF565 /* Debug */ = {
			isa = XCBuildConfiguration;
			buildSettings = {
				ALWAYS_SEARCH_USER_PATHS = NO;
				CLANG_ANALYZER_NONNULL = YES;
				CLANG_ANALYZER_NUMBER_OBJECT_CONVERSION = YES_AGGRESSIVE;
				CLANG_CXX_LANGUAGE_STANDARD = "gnu++14";
				CLANG_CXX_LIBRARY = "libc++";
				CLANG_ENABLE_MODULES = YES;
				CLANG_ENABLE_OBJC_ARC = YES;
				CLANG_ENABLE_OBJC_WEAK = YES;
				CLANG_WARN_BLOCK_CAPTURE_AUTORELEASING = YES;
				CLANG_WARN_BOOL_CONVERSION = YES;
				CLANG_WARN_COMMA = YES;
				CLANG_WARN_CONSTANT_CONVERSION = YES;
				CLANG_WARN_DEPRECATED_OBJC_IMPLEMENTATIONS = YES;
				CLANG_WARN_DIRECT_OBJC_ISA_USAGE = YES_ERROR;
				CLANG_WARN_DOCUMENTATION_COMMENTS = YES;
				CLANG_WARN_EMPTY_BODY = YES;
				CLANG_WARN_ENUM_CONVERSION = YES;
				CLANG_WARN_INFINITE_RECURSION = YES;
				CLANG_WARN_INT_CONVERSION = YES;
				CLANG_WARN_NON_LITERAL_NULL_CONVERSION = YES;
				CLANG_WARN_OBJC_IMPLICIT_RETAIN_SELF = YES;
				CLANG_WARN_OBJC_LITERAL_CONVERSION = YES;
				CLANG_WARN_OBJC_ROOT_CLASS = YES_ERROR;
				CLANG_WARN_RANGE_LOOP_ANALYSIS = YES;
				CLANG_WARN_STRICT_PROTOTYPES = YES;
				CLANG_WARN_SUSPICIOUS_MOVE = YES;
				CLANG_WARN_UNGUARDED_AVAILABILITY = YES_AGGRESSIVE;
				CLANG_WARN_UNREACHABLE_CODE = YES;
				CLANG_WARN__DUPLICATE_METHOD_MATCH = YES;
				CODE_SIGN_IDENTITY = "iPhone Developer";
				COPY_PHASE_STRIP = NO;
				DEBUG_INFORMATION_FORMAT = dwarf;
				ENABLE_STRICT_OBJC_MSGSEND = YES;
				ENABLE_TESTABILITY = YES;
				GCC_C_LANGUAGE_STANDARD = gnu11;
				GCC_DYNAMIC_NO_PIC = NO;
				GCC_NO_COMMON_BLOCKS = YES;
				GCC_OPTIMIZATION_LEVEL = 0;
				GCC_PREPROCESSOR_DEFINITIONS = (
					"DEBUG=1",
					"$(inherited)",
				);
				GCC_WARN_64_TO_32_BIT_CONVERSION = YES;
				GCC_WARN_ABOUT_RETURN_TYPE = YES_ERROR;
				GCC_WARN_UNDECLARED_SELECTOR = YES;
				GCC_WARN_UNINITIALIZED_AUTOS = YES_AGGRESSIVE;
				GCC_WARN_UNUSED_FUNCTION = YES;
				GCC_WARN_UNUSED_VARIABLE = YES;
				IPHONEOS_DEPLOYMENT_TARGET = 11.3;
				MTL_ENABLE_DEBUG_INFO = YES;
				ONLY_ACTIVE_ARCH = YES;
				SDKROOT = iphoneos;
				SWIFT_ACTIVE_COMPILATION_CONDITIONS = DEBUG;
				SWIFT_OPTIMIZATION_LEVEL = "-Onone";
			};
			name = Debug;
		};
		77599A2020A02987001FF565 /* Release */ = {
			isa = XCBuildConfiguration;
			buildSettings = {
				ALWAYS_SEARCH_USER_PATHS = NO;
				CLANG_ANALYZER_NONNULL = YES;
				CLANG_ANALYZER_NUMBER_OBJECT_CONVERSION = YES_AGGRESSIVE;
				CLANG_CXX_LANGUAGE_STANDARD = "gnu++14";
				CLANG_CXX_LIBRARY = "libc++";
				CLANG_ENABLE_MODULES = YES;
				CLANG_ENABLE_OBJC_ARC = YES;
				CLANG_ENABLE_OBJC_WEAK = YES;
				CLANG_WARN_BLOCK_CAPTURE_AUTORELEASING = YES;
				CLANG_WARN_BOOL_CONVERSION = YES;
				CLANG_WARN_COMMA = YES;
				CLANG_WARN_CONSTANT_CONVERSION = YES;
				CLANG_WARN_DEPRECATED_OBJC_IMPLEMENTATIONS = YES;
				CLANG_WARN_DIRECT_OBJC_ISA_USAGE = YES_ERROR;
				CLANG_WARN_DOCUMENTATION_COMMENTS = YES;
				CLANG_WARN_EMPTY_BODY = YES;
				CLANG_WARN_ENUM_CONVERSION = YES;
				CLANG_WARN_INFINITE_RECURSION = YES;
				CLANG_WARN_INT_CONVERSION = YES;
				CLANG_WARN_NON_LITERAL_NULL_CONVERSION = YES;
				CLANG_WARN_OBJC_IMPLICIT_RETAIN_SELF = YES;
				CLANG_WARN_OBJC_LITERAL_CONVERSION = YES;
				CLANG_WARN_OBJC_ROOT_CLASS = YES_ERROR;
				CLANG_WARN_RANGE_LOOP_ANALYSIS = YES;
				CLANG_WARN_STRICT_PROTOTYPES = YES;
				CLANG_WARN_SUSPICIOUS_MOVE = YES;
				CLANG_WARN_UNGUARDED_AVAILABILITY = YES_AGGRESSIVE;
				CLANG_WARN_UNREACHABLE_CODE = YES;
				CLANG_WARN__DUPLICATE_METHOD_MATCH = YES;
				CODE_SIGN_IDENTITY = "iPhone Developer";
				COPY_PHASE_STRIP = NO;
				DEBUG_INFORMATION_FORMAT = "dwarf-with-dsym";
				ENABLE_NS_ASSERTIONS = NO;
				ENABLE_STRICT_OBJC_MSGSEND = YES;
				GCC_C_LANGUAGE_STANDARD = gnu11;
				GCC_NO_COMMON_BLOCKS = YES;
				GCC_WARN_64_TO_32_BIT_CONVERSION = YES;
				GCC_WARN_ABOUT_RETURN_TYPE = YES_ERROR;
				GCC_WARN_UNDECLARED_SELECTOR = YES;
				GCC_WARN_UNINITIALIZED_AUTOS = YES_AGGRESSIVE;
				GCC_WARN_UNUSED_FUNCTION = YES;
				GCC_WARN_UNUSED_VARIABLE = YES;
				IPHONEOS_DEPLOYMENT_TARGET = 11.3;
				MTL_ENABLE_DEBUG_INFO = NO;
				SDKROOT = iphoneos;
				SWIFT_COMPILATION_MODE = wholemodule;
				SWIFT_OPTIMIZATION_LEVEL = "-O";
				VALIDATE_PRODUCT = YES;
			};
			name = Release;
		};
		77599A2220A02987001FF565 /* Debug */ = {
			isa = XCBuildConfiguration;
			baseConfigurationReference = E18B7F5895A5DE5747222113 /* Pods-GivBit.debug.xcconfig */;
			buildSettings = {
				ASSETCATALOG_COMPILER_APPICON_NAME = AppIcon;
				CLANG_ENABLE_MODULES = YES;
				CODE_SIGN_ENTITLEMENTS = GivBit/GivBit.entitlements;
				CODE_SIGN_STYLE = Automatic;
				DEVELOPMENT_TEAM = Q2VTH3TP6E;
				INFOPLIST_FILE = "$(SRCROOT)/GivBit/Plists/Info.plist";
				IPHONEOS_DEPLOYMENT_TARGET = 10.0;
				LD_RUNPATH_SEARCH_PATHS = (
					"$(inherited)",
					"@executable_path/Frameworks",
				);
				PRODUCT_BUNDLE_IDENTIFIER = coinflash.GivBit;
				PRODUCT_NAME = "$(TARGET_NAME)";
				SWIFT_OBJC_BRIDGING_HEADER = "GivBit-Bridging-Header.h";
				SWIFT_OPTIMIZATION_LEVEL = "-Onone";
				SWIFT_VERSION = 4.0;
				TARGETED_DEVICE_FAMILY = "1,2";
			};
			name = Debug;
		};
		77599A2320A02987001FF565 /* Release */ = {
			isa = XCBuildConfiguration;
			baseConfigurationReference = 97278999021FF89CD2C74A0B /* Pods-GivBit.release.xcconfig */;
			buildSettings = {
				ASSETCATALOG_COMPILER_APPICON_NAME = AppIcon;
				CLANG_ENABLE_MODULES = YES;
				CODE_SIGN_ENTITLEMENTS = GivBit/GivBit.entitlements;
				CODE_SIGN_STYLE = Automatic;
				DEVELOPMENT_TEAM = Q2VTH3TP6E;
				INFOPLIST_FILE = "$(SRCROOT)/GivBit/Plists/Info.plist";
				IPHONEOS_DEPLOYMENT_TARGET = 10.0;
				LD_RUNPATH_SEARCH_PATHS = (
					"$(inherited)",
					"@executable_path/Frameworks",
				);
				PRODUCT_BUNDLE_IDENTIFIER = coinflash.GivBit;
				PRODUCT_NAME = "$(TARGET_NAME)";
				SWIFT_OBJC_BRIDGING_HEADER = "GivBit-Bridging-Header.h";
				SWIFT_VERSION = 4.0;
				TARGETED_DEVICE_FAMILY = "1,2";
			};
			name = Release;
		};
		77599A2520A02987001FF565 /* Debug */ = {
			isa = XCBuildConfiguration;
			baseConfigurationReference = D789BCAE62317A7BE95FE4C1 /* Pods-GivBitTests.debug.xcconfig */;
			buildSettings = {
				ALWAYS_EMBED_SWIFT_STANDARD_LIBRARIES = YES;
				BUNDLE_LOADER = "$(TEST_HOST)";
				CODE_SIGN_STYLE = Automatic;
				DEVELOPMENT_TEAM = Q2VTH3TP6E;
				INFOPLIST_FILE = GivBitTests/Info.plist;
				LD_RUNPATH_SEARCH_PATHS = (
					"$(inherited)",
					"@executable_path/Frameworks",
					"@loader_path/Frameworks",
				);
				PRODUCT_BUNDLE_IDENTIFIER = coinflash.GivBitTests;
				PRODUCT_NAME = "$(TARGET_NAME)";
				SWIFT_VERSION = 4.0;
				TARGETED_DEVICE_FAMILY = "1,2";
				TEST_HOST = "$(BUILT_PRODUCTS_DIR)/GivBit.app/GivBit";
			};
			name = Debug;
		};
		77599A2620A02987001FF565 /* Release */ = {
			isa = XCBuildConfiguration;
			baseConfigurationReference = 45A373ADA415EB283ADD1514 /* Pods-GivBitTests.release.xcconfig */;
			buildSettings = {
				ALWAYS_EMBED_SWIFT_STANDARD_LIBRARIES = YES;
				BUNDLE_LOADER = "$(TEST_HOST)";
				CODE_SIGN_STYLE = Automatic;
				DEVELOPMENT_TEAM = Q2VTH3TP6E;
				INFOPLIST_FILE = GivBitTests/Info.plist;
				LD_RUNPATH_SEARCH_PATHS = (
					"$(inherited)",
					"@executable_path/Frameworks",
					"@loader_path/Frameworks",
				);
				PRODUCT_BUNDLE_IDENTIFIER = coinflash.GivBitTests;
				PRODUCT_NAME = "$(TARGET_NAME)";
				SWIFT_VERSION = 4.0;
				TARGETED_DEVICE_FAMILY = "1,2";
				TEST_HOST = "$(BUILT_PRODUCTS_DIR)/GivBit.app/GivBit";
			};
			name = Release;
		};
		77599A2820A02987001FF565 /* Debug */ = {
			isa = XCBuildConfiguration;
			baseConfigurationReference = 2F2FCD1ADE0B53038880992D /* Pods-GivBitUITests.debug.xcconfig */;
			buildSettings = {
				ALWAYS_EMBED_SWIFT_STANDARD_LIBRARIES = YES;
				CODE_SIGN_STYLE = Automatic;
				DEVELOPMENT_TEAM = Q2VTH3TP6E;
				INFOPLIST_FILE = GivBitUITests/Info.plist;
				LD_RUNPATH_SEARCH_PATHS = (
					"$(inherited)",
					"@executable_path/Frameworks",
					"@loader_path/Frameworks",
				);
				PRODUCT_BUNDLE_IDENTIFIER = coinflash.GivBitUITests;
				PRODUCT_NAME = "$(TARGET_NAME)";
				SWIFT_VERSION = 4.0;
				TARGETED_DEVICE_FAMILY = "1,2";
				TEST_TARGET_NAME = GivBit;
			};
			name = Debug;
		};
		77599A2920A02987001FF565 /* Release */ = {
			isa = XCBuildConfiguration;
			baseConfigurationReference = A3243C0D23FF3C2C434E10EC /* Pods-GivBitUITests.release.xcconfig */;
			buildSettings = {
				ALWAYS_EMBED_SWIFT_STANDARD_LIBRARIES = YES;
				CODE_SIGN_STYLE = Automatic;
				DEVELOPMENT_TEAM = Q2VTH3TP6E;
				INFOPLIST_FILE = GivBitUITests/Info.plist;
				LD_RUNPATH_SEARCH_PATHS = (
					"$(inherited)",
					"@executable_path/Frameworks",
					"@loader_path/Frameworks",
				);
				PRODUCT_BUNDLE_IDENTIFIER = coinflash.GivBitUITests;
				PRODUCT_NAME = "$(TARGET_NAME)";
				SWIFT_VERSION = 4.0;
				TARGETED_DEVICE_FAMILY = "1,2";
				TEST_TARGET_NAME = GivBit;
			};
			name = Release;
		};
/* End XCBuildConfiguration section */

/* Begin XCConfigurationList section */
		775999F420A02986001FF565 /* Build configuration list for PBXProject "GivBit" */ = {
			isa = XCConfigurationList;
			buildConfigurations = (
				77599A1F20A02987001FF565 /* Debug */,
				77599A2020A02987001FF565 /* Release */,
			);
			defaultConfigurationIsVisible = 0;
			defaultConfigurationName = Release;
		};
		77599A2120A02987001FF565 /* Build configuration list for PBXNativeTarget "GivBit" */ = {
			isa = XCConfigurationList;
			buildConfigurations = (
				77599A2220A02987001FF565 /* Debug */,
				77599A2320A02987001FF565 /* Release */,
			);
			defaultConfigurationIsVisible = 0;
			defaultConfigurationName = Release;
		};
		77599A2420A02987001FF565 /* Build configuration list for PBXNativeTarget "GivBitTests" */ = {
			isa = XCConfigurationList;
			buildConfigurations = (
				77599A2520A02987001FF565 /* Debug */,
				77599A2620A02987001FF565 /* Release */,
			);
			defaultConfigurationIsVisible = 0;
			defaultConfigurationName = Release;
		};
		77599A2720A02987001FF565 /* Build configuration list for PBXNativeTarget "GivBitUITests" */ = {
			isa = XCConfigurationList;
			buildConfigurations = (
				77599A2820A02987001FF565 /* Debug */,
				77599A2920A02987001FF565 /* Release */,
			);
			defaultConfigurationIsVisible = 0;
			defaultConfigurationName = Release;
		};
/* End XCConfigurationList section */
	};
	rootObject = 775999F120A02986001FF565 /* Project object */;
}
