// !$*UTF8*$!
{
	archiveVersion = 1;
	classes = {
	};
	objectVersion = 50;
	objects = {

/* Begin PBXBuildFile section */
		775999FD20A02986001FF565 /* AppDelegate.swift in Sources */ = {isa = PBXBuildFile; fileRef = 775999FC20A02986001FF565 /* AppDelegate.swift */; };
		775999FF20A02986001FF565 /* ViewController.swift in Sources */ = {isa = PBXBuildFile; fileRef = 775999FE20A02986001FF565 /* ViewController.swift */; };
		77599A0220A02986001FF565 /* Main.storyboard in Resources */ = {isa = PBXBuildFile; fileRef = 77599A0020A02986001FF565 /* Main.storyboard */; };
		77599A0420A02987001FF565 /* Assets.xcassets in Resources */ = {isa = PBXBuildFile; fileRef = 77599A0320A02987001FF565 /* Assets.xcassets */; };
		77599A0720A02987001FF565 /* LaunchScreen.storyboard in Resources */ = {isa = PBXBuildFile; fileRef = 77599A0520A02987001FF565 /* LaunchScreen.storyboard */; };
		77599A1220A02987001FF565 /* GivBitTests.swift in Sources */ = {isa = PBXBuildFile; fileRef = 77599A1120A02987001FF565 /* GivBitTests.swift */; };
		77599A1D20A02987001FF565 /* GivBitUITests.swift in Sources */ = {isa = PBXBuildFile; fileRef = 77599A1C20A02987001FF565 /* GivBitUITests.swift */; };
/* End PBXBuildFile section */

/* Begin PBXContainerItemProxy section */
		77599A0E20A02987001FF565 /* PBXContainerItemProxy */ = {
			isa = PBXContainerItemProxy;
			containerPortal = 775999F120A02986001FF565 /* Project object */;
			proxyType = 1;
			remoteGlobalIDString = 775999F820A02986001FF565;
			remoteInfo = GivBit;
		};
		77599A1920A02987001FF565 /* PBXContainerItemProxy */ = {
			isa = PBXContainerItemProxy;
			containerPortal = 775999F120A02986001FF565 /* Project object */;
			proxyType = 1;
			remoteGlobalIDString = 775999F820A02986001FF565;
			remoteInfo = GivBit;
		};
/* End PBXContainerItemProxy section */

/* Begin PBXFileReference section */
		775999F920A02986001FF565 /* GivBit.app */ = {isa = PBXFileReference; explicitFileType = wrapper.application; includeInIndex = 0; path = GivBit.app; sourceTree = BUILT_PRODUCTS_DIR; };
		775999FC20A02986001FF565 /* AppDelegate.swift */ = {isa = PBXFileReference; lastKnownFileType = sourcecode.swift; path = AppDelegate.swift; sourceTree = "<group>"; };
		775999FE20A02986001FF565 /* ViewController.swift */ = {isa = PBXFileReference; lastKnownFileType = sourcecode.swift; path = ViewController.swift; sourceTree = "<group>"; };
		77599A0120A02986001FF565 /* Base */ = {isa = PBXFileReference; lastKnownFileType = file.storyboard; name = Base; path = Base.lproj/Main.storyboard; sourceTree = "<group>"; };
		77599A0320A02987001FF565 /* Assets.xcassets */ = {isa = PBXFileReference; lastKnownFileType = folder.assetcatalog; path = Assets.xcassets; sourceTree = "<group>"; };
		77599A0620A02987001FF565 /* Base */ = {isa = PBXFileReference; lastKnownFileType = file.storyboard; name = Base; path = Base.lproj/LaunchScreen.storyboard; sourceTree = "<group>"; };
		77599A0820A02987001FF565 /* Info.plist */ = {isa = PBXFileReference; lastKnownFileType = text.plist.xml; path = Info.plist; sourceTree = "<group>"; };
		77599A0D20A02987001FF565 /* GivBitTests.xctest */ = {isa = PBXFileReference; explicitFileType = wrapper.cfbundle; includeInIndex = 0; path = GivBitTests.xctest; sourceTree = BUILT_PRODUCTS_DIR; };
		77599A1120A02987001FF565 /* GivBitTests.swift */ = {isa = PBXFileReference; lastKnownFileType = sourcecode.swift; path = GivBitTests.swift; sourceTree = "<group>"; };
		77599A1320A02987001FF565 /* Info.plist */ = {isa = PBXFileReference; lastKnownFileType = text.plist.xml; path = Info.plist; sourceTree = "<group>"; };
		77599A1820A02987001FF565 /* GivBitUITests.xctest */ = {isa = PBXFileReference; explicitFileType = wrapper.cfbundle; includeInIndex = 0; path = GivBitUITests.xctest; sourceTree = BUILT_PRODUCTS_DIR; };
		77599A1C20A02987001FF565 /* GivBitUITests.swift */ = {isa = PBXFileReference; lastKnownFileType = sourcecode.swift; path = GivBitUITests.swift; sourceTree = "<group>"; };
		77599A1E20A02987001FF565 /* Info.plist */ = {isa = PBXFileReference; lastKnownFileType = text.plist.xml; path = Info.plist; sourceTree = "<group>"; };
/* End PBXFileReference section */

/* Begin PBXFrameworksBuildPhase section */
		775999F620A02986001FF565 /* Frameworks */ = {
			isa = PBXFrameworksBuildPhase;
			buildActionMask = 2147483647;
			files = (
			);
			runOnlyForDeploymentPostprocessing = 0;
		};
		77599A0A20A02987001FF565 /* Frameworks */ = {
			isa = PBXFrameworksBuildPhase;
			buildActionMask = 2147483647;
			files = (
			);
			runOnlyForDeploymentPostprocessing = 0;
		};
		77599A1520A02987001FF565 /* Frameworks */ = {
			isa = PBXFrameworksBuildPhase;
			buildActionMask = 2147483647;
			files = (
			);
			runOnlyForDeploymentPostprocessing = 0;
		};
/* End PBXFrameworksBuildPhase section */

/* Begin PBXGroup section */
		775999F020A02986001FF565 = {
			isa = PBXGroup;
			children = (
				775999FB20A02986001FF565 /* GivBit */,
				77599A1020A02987001FF565 /* GivBitTests */,
				77599A1B20A02987001FF565 /* GivBitUITests */,
				775999FA20A02986001FF565 /* Products */,
			);
			sourceTree = "<group>";
		};
		775999FA20A02986001FF565 /* Products */ = {
			isa = PBXGroup;
			children = (
				775999F920A02986001FF565 /* GivBit.app */,
				77599A0D20A02987001FF565 /* GivBitTests.xctest */,
				77599A1820A02987001FF565 /* GivBitUITests.xctest */,
			);
			name = Products;
			sourceTree = "<group>";
		};
		775999FB20A02986001FF565 /* GivBit */ = {
			isa = PBXGroup;
			children = (
				775999FC20A02986001FF565 /* AppDelegate.swift */,
				775999FE20A02986001FF565 /* ViewController.swift */,
				77599A0020A02986001FF565 /* Main.storyboard */,
				77599A0320A02987001FF565 /* Assets.xcassets */,
				77599A0520A02987001FF565 /* LaunchScreen.storyboard */,
				77599A0820A02987001FF565 /* Info.plist */,
			);
			path = GivBit;
			sourceTree = "<group>";
		};
		77599A1020A02987001FF565 /* GivBitTests */ = {
			isa = PBXGroup;
			children = (
				77599A1120A02987001FF565 /* GivBitTests.swift */,
				77599A1320A02987001FF565 /* Info.plist */,
			);
			path = GivBitTests;
			sourceTree = "<group>";
		};
		77599A1B20A02987001FF565 /* GivBitUITests */ = {
			isa = PBXGroup;
			children = (
				77599A1C20A02987001FF565 /* GivBitUITests.swift */,
				77599A1E20A02987001FF565 /* Info.plist */,
			);
			path = GivBitUITests;
			sourceTree = "<group>";
		};
/* End PBXGroup section */

/* Begin PBXNativeTarget section */
		775999F820A02986001FF565 /* GivBit */ = {
			isa = PBXNativeTarget;
			buildConfigurationList = 77599A2120A02987001FF565 /* Build configuration list for PBXNativeTarget "GivBit" */;
			buildPhases = (
				775999F520A02986001FF565 /* Sources */,
				775999F620A02986001FF565 /* Frameworks */,
				775999F720A02986001FF565 /* Resources */,
			);
			buildRules = (
			);
			dependencies = (
			);
			name = GivBit;
			productName = GivBit;
			productReference = 775999F920A02986001FF565 /* GivBit.app */;
			productType = "com.apple.product-type.application";
		};
		77599A0C20A02987001FF565 /* GivBitTests */ = {
			isa = PBXNativeTarget;
			buildConfigurationList = 77599A2420A02987001FF565 /* Build configuration list for PBXNativeTarget "GivBitTests" */;
			buildPhases = (
				77599A0920A02987001FF565 /* Sources */,
				77599A0A20A02987001FF565 /* Frameworks */,
				77599A0B20A02987001FF565 /* Resources */,
			);
			buildRules = (
			);
			dependencies = (
				77599A0F20A02987001FF565 /* PBXTargetDependency */,
			);
			name = GivBitTests;
			productName = GivBitTests;
			productReference = 77599A0D20A02987001FF565 /* GivBitTests.xctest */;
			productType = "com.apple.product-type.bundle.unit-test";
		};
		77599A1720A02987001FF565 /* GivBitUITests */ = {
			isa = PBXNativeTarget;
			buildConfigurationList = 77599A2720A02987001FF565 /* Build configuration list for PBXNativeTarget "GivBitUITests" */;
			buildPhases = (
				77599A1420A02987001FF565 /* Sources */,
				77599A1520A02987001FF565 /* Frameworks */,
				77599A1620A02987001FF565 /* Resources */,
			);
			buildRules = (
			);
			dependencies = (
				77599A1A20A02987001FF565 /* PBXTargetDependency */,
			);
			name = GivBitUITests;
			productName = GivBitUITests;
			productReference = 77599A1820A02987001FF565 /* GivBitUITests.xctest */;
			productType = "com.apple.product-type.bundle.ui-testing";
		};
/* End PBXNativeTarget section */

/* Begin PBXProject section */
		775999F120A02986001FF565 /* Project object */ = {
			isa = PBXProject;
			attributes = {
				LastSwiftUpdateCheck = 0930;
				LastUpgradeCheck = 0930;
				ORGANIZATIONNAME = Ibtidah;
				TargetAttributes = {
					775999F820A02986001FF565 = {
						CreatedOnToolsVersion = 9.3;
					};
					77599A0C20A02987001FF565 = {
						CreatedOnToolsVersion = 9.3;
						TestTargetID = 775999F820A02986001FF565;
					};
					77599A1720A02987001FF565 = {
						CreatedOnToolsVersion = 9.3;
						TestTargetID = 775999F820A02986001FF565;
					};
				};
			};
			buildConfigurationList = 775999F420A02986001FF565 /* Build configuration list for PBXProject "GivBit" */;
			compatibilityVersion = "Xcode 9.3";
			developmentRegion = en;
			hasScannedForEncodings = 0;
			knownRegions = (
				en,
				Base,
			);
			mainGroup = 775999F020A02986001FF565;
			productRefGroup = 775999FA20A02986001FF565 /* Products */;
			projectDirPath = "";
			projectRoot = "";
			targets = (
				775999F820A02986001FF565 /* GivBit */,
				77599A0C20A02987001FF565 /* GivBitTests */,
				77599A1720A02987001FF565 /* GivBitUITests */,
			);
		};
/* End PBXProject section */

/* Begin PBXResourcesBuildPhase section */
		775999F720A02986001FF565 /* Resources */ = {
			isa = PBXResourcesBuildPhase;
			buildActionMask = 2147483647;
			files = (
				77599A0720A02987001FF565 /* LaunchScreen.storyboard in Resources */,
				77599A0420A02987001FF565 /* Assets.xcassets in Resources */,
				77599A0220A02986001FF565 /* Main.storyboard in Resources */,
			);
			runOnlyForDeploymentPostprocessing = 0;
		};
		77599A0B20A02987001FF565 /* Resources */ = {
			isa = PBXResourcesBuildPhase;
			buildActionMask = 2147483647;
			files = (
			);
			runOnlyForDeploymentPostprocessing = 0;
		};
		77599A1620A02987001FF565 /* Resources */ = {
			isa = PBXResourcesBuildPhase;
			buildActionMask = 2147483647;
			files = (
			);
			runOnlyForDeploymentPostprocessing = 0;
		};
/* End PBXResourcesBuildPhase section */

/* Begin PBXSourcesBuildPhase section */
		775999F520A02986001FF565 /* Sources */ = {
			isa = PBXSourcesBuildPhase;
			buildActionMask = 2147483647;
			files = (
				775999FF20A02986001FF565 /* ViewController.swift in Sources */,
				775999FD20A02986001FF565 /* AppDelegate.swift in Sources */,
			);
			runOnlyForDeploymentPostprocessing = 0;
		};
		77599A0920A02987001FF565 /* Sources */ = {
			isa = PBXSourcesBuildPhase;
			buildActionMask = 2147483647;
			files = (
				77599A1220A02987001FF565 /* GivBitTests.swift in Sources */,
			);
			runOnlyForDeploymentPostprocessing = 0;
		};
		77599A1420A02987001FF565 /* Sources */ = {
			isa = PBXSourcesBuildPhase;
			buildActionMask = 2147483647;
			files = (
				77599A1D20A02987001FF565 /* GivBitUITests.swift in Sources */,
			);
			runOnlyForDeploymentPostprocessing = 0;
		};
/* End PBXSourcesBuildPhase section */

/* Begin PBXTargetDependency section */
		77599A0F20A02987001FF565 /* PBXTargetDependency */ = {
			isa = PBXTargetDependency;
			target = 775999F820A02986001FF565 /* GivBit */;
			targetProxy = 77599A0E20A02987001FF565 /* PBXContainerItemProxy */;
		};
		77599A1A20A02987001FF565 /* PBXTargetDependency */ = {
			isa = PBXTargetDependency;
			target = 775999F820A02986001FF565 /* GivBit */;
			targetProxy = 77599A1920A02987001FF565 /* PBXContainerItemProxy */;
		};
/* End PBXTargetDependency section */

/* Begin PBXVariantGroup section */
		77599A0020A02986001FF565 /* Main.storyboard */ = {
			isa = PBXVariantGroup;
			children = (
				77599A0120A02986001FF565 /* Base */,
			);
			name = Main.storyboard;
			sourceTree = "<group>";
		};
		77599A0520A02987001FF565 /* LaunchScreen.storyboard */ = {
			isa = PBXVariantGroup;
			children = (
				77599A0620A02987001FF565 /* Base */,
			);
			name = LaunchScreen.storyboard;
			sourceTree = "<group>";
		};
/* End PBXVariantGroup section */

/* Begin XCBuildConfiguration section */
		77599A1F20A02987001FF565 /* Debug */ = {
			isa = XCBuildConfiguration;
			buildSettings = {
				ALWAYS_SEARCH_USER_PATHS = NO;
				CLANG_ANALYZER_NONNULL = YES;
				CLANG_ANALYZER_NUMBER_OBJECT_CONVERSION = YES_AGGRESSIVE;
				CLANG_CXX_LANGUAGE_STANDARD = "gnu++14";
				CLANG_CXX_LIBRARY = "libc++";
				CLANG_ENABLE_MODULES = YES;
				CLANG_ENABLE_OBJC_ARC = YES;
				CLANG_ENABLE_OBJC_WEAK = YES;
				CLANG_WARN_BLOCK_CAPTURE_AUTORELEASING = YES;
				CLANG_WARN_BOOL_CONVERSION = YES;
				CLANG_WARN_COMMA = YES;
				CLANG_WARN_CONSTANT_CONVERSION = YES;
				CLANG_WARN_DEPRECATED_OBJC_IMPLEMENTATIONS = YES;
				CLANG_WARN_DIRECT_OBJC_ISA_USAGE = YES_ERROR;
				CLANG_WARN_DOCUMENTATION_COMMENTS = YES;
				CLANG_WARN_EMPTY_BODY = YES;
				CLANG_WARN_ENUM_CONVERSION = YES;
				CLANG_WARN_INFINITE_RECURSION = YES;
				CLANG_WARN_INT_CONVERSION = YES;
				CLANG_WARN_NON_LITERAL_NULL_CONVERSION = YES;
				CLANG_WARN_OBJC_IMPLICIT_RETAIN_SELF = YES;
				CLANG_WARN_OBJC_LITERAL_CONVERSION = YES;
				CLANG_WARN_OBJC_ROOT_CLASS = YES_ERROR;
				CLANG_WARN_RANGE_LOOP_ANALYSIS = YES;
				CLANG_WARN_STRICT_PROTOTYPES = YES;
				CLANG_WARN_SUSPICIOUS_MOVE = YES;
				CLANG_WARN_UNGUARDED_AVAILABILITY = YES_AGGRESSIVE;
				CLANG_WARN_UNREACHABLE_CODE = YES;
				CLANG_WARN__DUPLICATE_METHOD_MATCH = YES;
				CODE_SIGN_IDENTITY = "iPhone Developer";
				COPY_PHASE_STRIP = NO;
				DEBUG_INFORMATION_FORMAT = dwarf;
				ENABLE_STRICT_OBJC_MSGSEND = YES;
				ENABLE_TESTABILITY = YES;
				GCC_C_LANGUAGE_STANDARD = gnu11;
				GCC_DYNAMIC_NO_PIC = NO;
				GCC_NO_COMMON_BLOCKS = YES;
				GCC_OPTIMIZATION_LEVEL = 0;
				GCC_PREPROCESSOR_DEFINITIONS = (
					"DEBUG=1",
					"$(inherited)",
				);
				GCC_WARN_64_TO_32_BIT_CONVERSION = YES;
				GCC_WARN_ABOUT_RETURN_TYPE = YES_ERROR;
				GCC_WARN_UNDECLARED_SELECTOR = YES;
				GCC_WARN_UNINITIALIZED_AUTOS = YES_AGGRESSIVE;
				GCC_WARN_UNUSED_FUNCTION = YES;
				GCC_WARN_UNUSED_VARIABLE = YES;
				IPHONEOS_DEPLOYMENT_TARGET = 11.3;
				MTL_ENABLE_DEBUG_INFO = YES;
				ONLY_ACTIVE_ARCH = YES;
				SDKROOT = iphoneos;
				SWIFT_ACTIVE_COMPILATION_CONDITIONS = DEBUG;
				SWIFT_OPTIMIZATION_LEVEL = "-Onone";
			};
			name = Debug;
		};
		77599A2020A02987001FF565 /* Release */ = {
			isa = XCBuildConfiguration;
			buildSettings = {
				ALWAYS_SEARCH_USER_PATHS = NO;
				CLANG_ANALYZER_NONNULL = YES;
				CLANG_ANALYZER_NUMBER_OBJECT_CONVERSION = YES_AGGRESSIVE;
				CLANG_CXX_LANGUAGE_STANDARD = "gnu++14";
				CLANG_CXX_LIBRARY = "libc++";
				CLANG_ENABLE_MODULES = YES;
				CLANG_ENABLE_OBJC_ARC = YES;
				CLANG_ENABLE_OBJC_WEAK = YES;
				CLANG_WARN_BLOCK_CAPTURE_AUTORELEASING = YES;
				CLANG_WARN_BOOL_CONVERSION = YES;
				CLANG_WARN_COMMA = YES;
				CLANG_WARN_CONSTANT_CONVERSION = YES;
				CLANG_WARN_DEPRECATED_OBJC_IMPLEMENTATIONS = YES;
				CLANG_WARN_DIRECT_OBJC_ISA_USAGE = YES_ERROR;
				CLANG_WARN_DOCUMENTATION_COMMENTS = YES;
				CLANG_WARN_EMPTY_BODY = YES;
				CLANG_WARN_ENUM_CONVERSION = YES;
				CLANG_WARN_INFINITE_RECURSION = YES;
				CLANG_WARN_INT_CONVERSION = YES;
				CLANG_WARN_NON_LITERAL_NULL_CONVERSION = YES;
				CLANG_WARN_OBJC_IMPLICIT_RETAIN_SELF = YES;
				CLANG_WARN_OBJC_LITERAL_CONVERSION = YES;
				CLANG_WARN_OBJC_ROOT_CLASS = YES_ERROR;
				CLANG_WARN_RANGE_LOOP_ANALYSIS = YES;
				CLANG_WARN_STRICT_PROTOTYPES = YES;
				CLANG_WARN_SUSPICIOUS_MOVE = YES;
				CLANG_WARN_UNGUARDED_AVAILABILITY = YES_AGGRESSIVE;
				CLANG_WARN_UNREACHABLE_CODE = YES;
				CLANG_WARN__DUPLICATE_METHOD_MATCH = YES;
				CODE_SIGN_IDENTITY = "iPhone Developer";
				COPY_PHASE_STRIP = NO;
				DEBUG_INFORMATION_FORMAT = "dwarf-with-dsym";
				ENABLE_NS_ASSERTIONS = NO;
				ENABLE_STRICT_OBJC_MSGSEND = YES;
				GCC_C_LANGUAGE_STANDARD = gnu11;
				GCC_NO_COMMON_BLOCKS = YES;
				GCC_WARN_64_TO_32_BIT_CONVERSION = YES;
				GCC_WARN_ABOUT_RETURN_TYPE = YES_ERROR;
				GCC_WARN_UNDECLARED_SELECTOR = YES;
				GCC_WARN_UNINITIALIZED_AUTOS = YES_AGGRESSIVE;
				GCC_WARN_UNUSED_FUNCTION = YES;
				GCC_WARN_UNUSED_VARIABLE = YES;
				IPHONEOS_DEPLOYMENT_TARGET = 11.3;
				MTL_ENABLE_DEBUG_INFO = NO;
				SDKROOT = iphoneos;
				SWIFT_COMPILATION_MODE = wholemodule;
				SWIFT_OPTIMIZATION_LEVEL = "-O";
				VALIDATE_PRODUCT = YES;
			};
			name = Release;
		};
		77599A2220A02987001FF565 /* Debug */ = {
			isa = XCBuildConfiguration;
			buildSettings = {
				ASSETCATALOG_COMPILER_APPICON_NAME = AppIcon;
				CODE_SIGN_STYLE = Automatic;
				DEVELOPMENT_TEAM = Q2VTH3TP6E;
				INFOPLIST_FILE = GivBit/Info.plist;
				LD_RUNPATH_SEARCH_PATHS = (
					"$(inherited)",
					"@executable_path/Frameworks",
				);
				PRODUCT_BUNDLE_IDENTIFIER = coinflash.GivBit;
				PRODUCT_NAME = "$(TARGET_NAME)";
				SWIFT_VERSION = 4.0;
				TARGETED_DEVICE_FAMILY = "1,2";
			};
			name = Debug;
		};
		77599A2320A02987001FF565 /* Release */ = {
			isa = XCBuildConfiguration;
			buildSettings = {
				ASSETCATALOG_COMPILER_APPICON_NAME = AppIcon;
				CODE_SIGN_STYLE = Automatic;
				DEVELOPMENT_TEAM = Q2VTH3TP6E;
				INFOPLIST_FILE = GivBit/Info.plist;
				LD_RUNPATH_SEARCH_PATHS = (
					"$(inherited)",
					"@executable_path/Frameworks",
				);
				PRODUCT_BUNDLE_IDENTIFIER = coinflash.GivBit;
				PRODUCT_NAME = "$(TARGET_NAME)";
				SWIFT_VERSION = 4.0;
				TARGETED_DEVICE_FAMILY = "1,2";
			};
			name = Release;
		};
		77599A2520A02987001FF565 /* Debug */ = {
			isa = XCBuildConfiguration;
			buildSettings = {
				ALWAYS_EMBED_SWIFT_STANDARD_LIBRARIES = YES;
				BUNDLE_LOADER = "$(TEST_HOST)";
				CODE_SIGN_STYLE = Automatic;
				DEVELOPMENT_TEAM = Q2VTH3TP6E;
				INFOPLIST_FILE = GivBitTests/Info.plist;
				LD_RUNPATH_SEARCH_PATHS = (
					"$(inherited)",
					"@executable_path/Frameworks",
					"@loader_path/Frameworks",
				);
				PRODUCT_BUNDLE_IDENTIFIER = coinflash.GivBitTests;
				PRODUCT_NAME = "$(TARGET_NAME)";
				SWIFT_VERSION = 4.0;
				TARGETED_DEVICE_FAMILY = "1,2";
				TEST_HOST = "$(BUILT_PRODUCTS_DIR)/GivBit.app/GivBit";
			};
			name = Debug;
		};
		77599A2620A02987001FF565 /* Release */ = {
			isa = XCBuildConfiguration;
			buildSettings = {
				ALWAYS_EMBED_SWIFT_STANDARD_LIBRARIES = YES;
				BUNDLE_LOADER = "$(TEST_HOST)";
				CODE_SIGN_STYLE = Automatic;
				DEVELOPMENT_TEAM = Q2VTH3TP6E;
				INFOPLIST_FILE = GivBitTests/Info.plist;
				LD_RUNPATH_SEARCH_PATHS = (
					"$(inherited)",
					"@executable_path/Frameworks",
					"@loader_path/Frameworks",
				);
				PRODUCT_BUNDLE_IDENTIFIER = coinflash.GivBitTests;
				PRODUCT_NAME = "$(TARGET_NAME)";
				SWIFT_VERSION = 4.0;
				TARGETED_DEVICE_FAMILY = "1,2";
				TEST_HOST = "$(BUILT_PRODUCTS_DIR)/GivBit.app/GivBit";
			};
			name = Release;
		};
		77599A2820A02987001FF565 /* Debug */ = {
			isa = XCBuildConfiguration;
			buildSettings = {
				ALWAYS_EMBED_SWIFT_STANDARD_LIBRARIES = YES;
				CODE_SIGN_STYLE = Automatic;
				DEVELOPMENT_TEAM = Q2VTH3TP6E;
				INFOPLIST_FILE = GivBitUITests/Info.plist;
				LD_RUNPATH_SEARCH_PATHS = (
					"$(inherited)",
					"@executable_path/Frameworks",
					"@loader_path/Frameworks",
				);
				PRODUCT_BUNDLE_IDENTIFIER = coinflash.GivBitUITests;
				PRODUCT_NAME = "$(TARGET_NAME)";
				SWIFT_VERSION = 4.0;
				TARGETED_DEVICE_FAMILY = "1,2";
				TEST_TARGET_NAME = GivBit;
			};
			name = Debug;
		};
		77599A2920A02987001FF565 /* Release */ = {
			isa = XCBuildConfiguration;
			buildSettings = {
				ALWAYS_EMBED_SWIFT_STANDARD_LIBRARIES = YES;
				CODE_SIGN_STYLE = Automatic;
				DEVELOPMENT_TEAM = Q2VTH3TP6E;
				INFOPLIST_FILE = GivBitUITests/Info.plist;
				LD_RUNPATH_SEARCH_PATHS = (
					"$(inherited)",
					"@executable_path/Frameworks",
					"@loader_path/Frameworks",
				);
				PRODUCT_BUNDLE_IDENTIFIER = coinflash.GivBitUITests;
				PRODUCT_NAME = "$(TARGET_NAME)";
				SWIFT_VERSION = 4.0;
				TARGETED_DEVICE_FAMILY = "1,2";
				TEST_TARGET_NAME = GivBit;
			};
			name = Release;
		};
/* End XCBuildConfiguration section */

/* Begin XCConfigurationList section */
		775999F420A02986001FF565 /* Build configuration list for PBXProject "GivBit" */ = {
			isa = XCConfigurationList;
			buildConfigurations = (
				77599A1F20A02987001FF565 /* Debug */,
				77599A2020A02987001FF565 /* Release */,
			);
			defaultConfigurationIsVisible = 0;
			defaultConfigurationName = Release;
		};
		77599A2120A02987001FF565 /* Build configuration list for PBXNativeTarget "GivBit" */ = {
			isa = XCConfigurationList;
			buildConfigurations = (
				77599A2220A02987001FF565 /* Debug */,
				77599A2320A02987001FF565 /* Release */,
			);
			defaultConfigurationIsVisible = 0;
			defaultConfigurationName = Release;
		};
		77599A2420A02987001FF565 /* Build configuration list for PBXNativeTarget "GivBitTests" */ = {
			isa = XCConfigurationList;
			buildConfigurations = (
				77599A2520A02987001FF565 /* Debug */,
				77599A2620A02987001FF565 /* Release */,
			);
			defaultConfigurationIsVisible = 0;
			defaultConfigurationName = Release;
		};
		77599A2720A02987001FF565 /* Build configuration list for PBXNativeTarget "GivBitUITests" */ = {
			isa = XCConfigurationList;
			buildConfigurations = (
				77599A2820A02987001FF565 /* Debug */,
				77599A2920A02987001FF565 /* Release */,
			);
			defaultConfigurationIsVisible = 0;
			defaultConfigurationName = Release;
		};
/* End XCConfigurationList section */
	};
	rootObject = 775999F120A02986001FF565 /* Project object */;
}
